# This file is automatically @generated by Cargo.
# It is not intended for manual editing.
version = 4

[[package]]
name = "alloc-no-stdlib"
version = "3.0.0"
source = "registry+https://github.com/rust-lang/crates.io-index"
checksum = "c2fb6cfd47bf496ff64095c20eaba0c201404ee38714d4142fcfa1dc334fcc7a"

[[package]]
name = "alloc-stdlib"
version = "0.3.0"
source = "registry+https://github.com/rust-lang/crates.io-index"
checksum = "0b5c1865780388bfa186411ab5f247819487fc4864c6e9c3106611fa347586e1"
dependencies = [
 "alloc-no-stdlib",
]

[[package]]
name = "brotli"
version = "9.0.0"
source = "registry+https://github.com/rust-lang/crates.io-index"
checksum = "f8b851b75c23ca7873623d612fe49bd1989aeb03d08fb9432187eb253d3d4c6b"
dependencies = [
 "alloc-no-stdlib",
 "alloc-stdlib",
 "brotli-decompressor",
]

[[package]]
name = "brotli-decompressor"
version = "6.0.1"
source = "registry+https://github.com/rust-lang/crates.io-index"
checksum = "941cd9bd4ddab83cb46fa5a2d428f1c857b24ac78cb876cf7beb710840934bd7"
dependencies = [
 "alloc-no-stdlib",
 "alloc-stdlib",
]

[[package]]
name = "cfg-if"
version = "1.0.5"
source = "registry+https://github.com/rust-lang/crates.io-index"
checksum = "4e7648175b45a9a48536d676f68d918270699102aa8dab5496df06904c914600"

[[package]]
name = "crc32fast"
version = "1.5.2"
source = "registry+https://github.com/rust-lang/crates.io-index"
checksum = "01a7799fd6b852db0e61728dde9a204c423b44d689dbd432522543614b490e78"
dependencies = [
 "cfg-if",
]

[[package]]
name = "equivalent"
version = "1.0.2"
source = "registry+https://github.com/rust-lang/crates.io-index"
checksum = "877a4ace8713b0bcf2a4e7eec82529c029f1d0619886d18145fea96c3ffe5c0f"

[[package]]
name = "flate2"
version = "1.1.10"
source = "registry+https://github.com/rust-lang/crates.io-index"
checksum = "6e634e2e0ebac1ee034020da1ca582e17ffe4e0f5e985823721e168928136dcb"
dependencies = [
 "zlib-rs",
]

[[package]]
name = "hashbrown"
version = "0.17.1"
source = "registry+https://github.com/rust-lang/crates.io-index"
checksum = "ed5909b6e89a2db4456e54cd5f673791d7eca6732202bbf2a9cc504fe2f9b84a"

[[package]]
name = "img2sdat"
version = "1.0.0"
source = "git+https://github.com/wahyu6070/img2sdat-rust?tag=v1.0.0#29f2b8c526aab0d927c9b634d024d38d16e2a88e"

[[package]]
name = "indexmap"
version = "2.14.2"
source = "registry+https://github.com/rust-lang/crates.io-index"
checksum = "cc4e190f5d26ca7051642629da2c52fc03bde85a03197c99408dcd291734c855"
dependencies = [
 "equivalent",
 "hashbrown",
]

[[package]]
name = "jancox-cli"
version = "3.0.0"
dependencies = [
 "jancox-core",
]

[[package]]
name = "jancox-core"
version = "3.0.0"
dependencies = [
 "brotli",
 "img2sdat",
 "sdat2img",
 "zip",
]

[[package]]
name = "memchr"
version = "2.8.3"
source = "registry+https://github.com/rust-lang/crates.io-index"
checksum = "cf8baf1c55e62ffcace7a9f06f4bd9cd3f0c4beb022d3b367256b91b87513d98"

[[package]]
name = "sdat2img"
version = "1.0.0"
source = "git+https://github.com/wahyu6070/sdat2img-rust?tag=v1.0.0#b4b49dae9c7533c6993494af7d38673dd3215a6b"

[[package]]
name = "typed-path"
version = "0.12.3"
source = "registry+https://github.com/rust-lang/crates.io-index"
checksum = "8e28f89b80c87b8fb0cf04ab448d5dd0dd0ade2f8891bae878de66a75a28600e"

[[package]]
name = "zip"
version = "8.6.0"
source = "registry+https://github.com/rust-lang/crates.io-index"
checksum = "2d04a6b5381502aa6087c94c669499eb1602eb9c5e8198e534de571f7154809b"
dependencies = [
 "crc32fast",
 "flate2",
 "indexmap",
 "memchr",
 "typed-path",
]

[[package]]
name = "zlib-rs"
version = "0.6.8"
source = "registry+https://github.com/rust-lang/crates.io-index"
checksum = "b268e58e7c693d7c271f93ffc4ba3b380412554231c85bf61ca7af91042a4112"
