# This file is automatically @generated by Cargo.
# It is not intended for manual editing.
version = 4

[[package]]
name = "alloc-no-stdlib"
version = "3.0.0"
source = "registry+https://github.com/rust-lang/crates.io-index"
checksum = "c2fb6cfd47bf496ff64095c20eaba0c201404ee38714d4142fcfa1dc334fcc7a"

[[package]]
name = "alloc-stdlib"
version = "0.3.0"
source = "registry+https://github.com/rust-lang/crates.io-index"
checksum = "0b5c1865780388bfa186411ab5f247819487fc4864c6e9c3106611fa347586e1"
dependencies = [
 "alloc-no-stdlib",
]

[[package]]
name = "brotli"
version = "9.0.0"
source = "registry+https://github.com/rust-lang/crates.io-index"
checksum = "f8b851b75c23ca7873623d612fe49bd1989aeb03d08fb9432187eb253d3d4c6b"
dependencies = [
 "alloc-no-stdlib",
 "alloc-stdlib",
 "brotli-decompressor",
]

[[package]]
name = "brotli-decompressor"
version = "6.0.1"
source = "registry+https://github.com/rust-lang/crates.io-index"
checksum = "941cd9bd4ddab83cb46fa5a2d428f1c857b24ac78cb876cf7beb710840934bd7"
dependencies = [
 "alloc-no-stdlib",
 "alloc-stdlib",
]

[[package]]
name = "img2sdat"
version = "1.0.0"
source = "git+https://github.com/wahyu6070/img2sdat-rust?tag=v1.0.0#29f2b8c526aab0d927c9b634d024d38d16e2a88e"

[[package]]
name = "jancox-cli"
version = "3.0.0"
dependencies = [
 "jancox-core",
]

[[package]]
name = "jancox-core"
version = "3.0.0"
dependencies = [
 "brotli",
 "img2sdat",
 "sdat2img",
]

[[package]]
name = "sdat2img"
version = "1.0.0"
source = "git+https://github.com/wahyu6070/sdat2img-rust?tag=v1.0.0#b4b49dae9c7533c6993494af7d38673dd3215a6b"
